{
  "name": "lippo_group",
  "version": "1.0.0",
  "lockfileVersion": 1,
  "requires": true,
  "dependencies": {
    "bootstrap-4.1.3-rtl": {
      "version": "1.0.1",
      "resolved": "https://registry.npmjs.org/bootstrap-4.1.3-rtl/-/bootstrap-4.1.3-rtl-1.0.1.tgz",
      "integrity": "sha512-W53ZJ4VUj/v0dZ4loFlmXe0x3PC4IlqKQORJPhQu03wiZQOUeG9ZdUr4IANAIKkvRouFeQvb5JyrQDPqUuIhkA=="
    }
  }
}
